
Microsoft Visual Studio Solution File, Format Version 12.00
# Visual Studio Version 17
VisualStudioVersion = 17.9.34714.143
MinimumVisualStudioVersion = 10.0.40219.1
Project("{9A19103F-16F7-4668-BE54-9A1E7A4F7556}") = "Web", "src\Web.csproj", "{966D4E4A-9D9C-46F0-9FF2-1A4F556E33DD}"
EndProject
Project("{9A19103F-16F7-4668-BE54-9A1E7A4F7556}") = "Application", "Application\Application.csproj", "{95A49C7A-443B-45ED-AF76-D842B22D22E8}"
EndProject
Project("{9A19103F-16F7-4668-BE54-9A1E7A4F7556}") = "Domain", "Domain\Domain.csproj", "{BD05C430-3100-465E-9F4A-6CE12642DAD4}"
EndProject
Project("{9A19103F-16F7-4668-BE54-9A1E7A4F7556}") = "Infraestructure", "Infraestructure\Infraestructure.csproj", "{23C37821-928C-49AD-BD40-37370F21B91D}"
EndProject
Project("{2150E333-8FDC-42A3-9474-1A3956D46DE8}") = "src", "src", "{87AA1B52-8047-49B0-A801-F8EB6178F72A}"
EndProject
Project("{2150E333-8FDC-42A3-9474-1A3956D46DE8}") = "docs", "docs", "{13E91B3E-6D61-47C2-8A8F-C4F5077D5784}"
	ProjectSection(SolutionItems) = preProject
		..\..\..\Desktop\Coronel-GarciaSuez (1).drawio = ..\..\..\Desktop\Coronel-GarciaSuez (1).drawio
		..\..\..\Desktop\MINUTA DE RELEVAMIENTO.md = ..\..\..\Desktop\MINUTA DE RELEVAMIENTO.md
	EndProjectSection
EndProject
Global
	GlobalSection(SolutionConfigurationPlatforms) = preSolution
		Debug|Any CPU = Debug|Any CPU
		Release|Any CPU = Release|Any CPU
	EndGlobalSection
	GlobalSection(ProjectConfigurationPlatforms) = postSolution
		{966D4E4A-9D9C-46F0-9FF2-1A4F556E33DD}.Debug|Any CPU.ActiveCfg = Debug|Any CPU
		{966D4E4A-9D9C-46F0-9FF2-1A4F556E33DD}.Debug|Any CPU.Build.0 = Debug|Any CPU
		{966D4E4A-9D9C-46F0-9FF2-1A4F556E33DD}.Release|Any CPU.ActiveCfg = Release|Any CPU
		{966D4E4A-9D9C-46F0-9FF2-1A4F556E33DD}.Release|Any CPU.Build.0 = Release|Any CPU
		{95A49C7A-443B-45ED-AF76-D842B22D22E8}.Debug|Any CPU.ActiveCfg = Debug|Any CPU
		{95A49C7A-443B-45ED-AF76-D842B22D22E8}.Debug|Any CPU.Build.0 = Debug|Any CPU
		{95A49C7A-443B-45ED-AF76-D842B22D22E8}.Release|Any CPU.ActiveCfg = Release|Any CPU
		{95A49C7A-443B-45ED-AF76-D842B22D22E8}.Release|Any CPU.Build.0 = Release|Any CPU
		{BD05C430-3100-465E-9F4A-6CE12642DAD4}.Debug|Any CPU.ActiveCfg = Debug|Any CPU
		{BD05C430-3100-465E-9F4A-6CE12642DAD4}.Debug|Any CPU.Build.0 = Debug|Any CPU
		{BD05C430-3100-465E-9F4A-6CE12642DAD4}.Release|Any CPU.ActiveCfg = Release|Any CPU
		{BD05C430-3100-465E-9F4A-6CE12642DAD4}.Release|Any CPU.Build.0 = Release|Any CPU
		{23C37821-928C-49AD-BD40-37370F21B91D}.Debug|Any CPU.ActiveCfg = Debug|Any CPU
		{23C37821-928C-49AD-BD40-37370F21B91D}.Debug|Any CPU.Build.0 = Debug|Any CPU
		{23C37821-928C-49AD-BD40-37370F21B91D}.Release|Any CPU.ActiveCfg = Release|Any CPU
		{23C37821-928C-49AD-BD40-37370F21B91D}.Release|Any CPU.Build.0 = Release|Any CPU
	EndGlobalSection
	GlobalSection(SolutionProperties) = preSolution
		HideSolutionNode = FALSE
	EndGlobalSection
	GlobalSection(NestedProjects) = preSolution
		{966D4E4A-9D9C-46F0-9FF2-1A4F556E33DD} = {87AA1B52-8047-49B0-A801-F8EB6178F72A}
		{95A49C7A-443B-45ED-AF76-D842B22D22E8} = {87AA1B52-8047-49B0-A801-F8EB6178F72A}
		{BD05C430-3100-465E-9F4A-6CE12642DAD4} = {87AA1B52-8047-49B0-A801-F8EB6178F72A}
		{23C37821-928C-49AD-BD40-37370F21B91D} = {87AA1B52-8047-49B0-A801-F8EB6178F72A}
	EndGlobalSection
	GlobalSection(ExtensibilityGlobals) = postSolution
		SolutionGuid = {A31029AC-171E-4C24-BDD6-F4B09C0D3574}
	EndGlobalSection
EndGlobal
